
Microsoft Visual Studio Solution File, Format Version 12.00
Project("{FAE04EC0-301F-11D3-BF4B-00C04F79EFBC}") = "Observability.WebApi", "src\Observability.WebApi\Observability.WebApi.csproj", "{6FCAAAF9-7533-44FA-8350-FDC0D85E981C}"
EndProject
Project("{2150E333-8FDC-42A3-9474-1A3956D46DE8}") = "src", "src", "{983CA996-9967-48DE-A932-44113D94695D}"
EndProject
Project("{2150E333-8FDC-42A3-9474-1A3956D46DE8}") = "Infra", "Infra", "{7B2098FD-795B-4306-88E3-ABC57848198B}"
	ProjectSection(SolutionItems) = preProject
		compose.yaml = compose.yaml
		observability\alloy-config.alloy = observability\alloy-config.alloy
		observability\grafana\dashboards\.gitkeep = observability\grafana\dashboards\.gitkeep
		observability\grafana\dashboards\business\weather_metrics.json = observability\grafana\dashboards\business\weather_metrics.json
		observability\grafana\dashboards\dotnet\aspnet_dashboard.json = observability\grafana\dashboards\dotnet\aspnet_dashboard.json
		observability\grafana\dashboards\dotnet_application.json = observability\grafana\dashboards\dotnet_application.json
		observability\grafana\dashboards\infrastructure\system_metrics.json = observability\grafana\dashboards\infrastructure\system_metrics.json
		observability\grafana\provisioning\dashboards\.gitkeep = observability\grafana\provisioning\dashboards\.gitkeep
		observability\grafana\provisioning\dashboards\dashboards.yml = observability\grafana\provisioning\dashboards\dashboards.yml
		observability\grafana\provisioning\datasources\.gitkeep = observability\grafana\provisioning\datasources\.gitkeep
		observability\grafana\provisioning\datasources\datasources.yml = observability\grafana\provisioning\datasources\datasources.yml
		observability\init-db.sql = observability\init-db.sql
		observability\otel-collector-config.yml = observability\otel-collector-config.yml
		observability\prometheus.yml = observability\prometheus.yml
		observability\README-Instrumentacao.md = observability\README-Instrumentacao.md
		observability\README.md = observability\README.md
		observability\tempo.yml = observability\tempo.yml
		observability\loki\local-config.yaml = observability\loki\local-config.yaml
	EndProjectSection
EndProject
Project("{2150E333-8FDC-42A3-9474-1A3956D46DE8}") = "Solution Items", "Solution Items", "{8CA02280-DA65-4F60-8E8B-B473F0D5FCA7}"
	ProjectSection(SolutionItems) = preProject
		compose.yaml = compose.yaml
		.dockerignore = .dockerignore
		README.md = README.md
	EndProjectSection
EndProject
Project("{FAE04EC0-301F-11D3-BF4B-00C04F79EFBC}") = "Domain", "src\Domain\Domain.csproj", "{0A169CE7-1578-4972-8843-5595D57883BE}"
EndProject
Project("{FAE04EC0-301F-11D3-BF4B-00C04F79EFBC}") = "Application", "src\Application\Application.csproj", "{0C5FAE5F-C400-4355-8E7B-0D64EBDF8366}"
EndProject
Project("{FAE04EC0-301F-11D3-BF4B-00C04F79EFBC}") = "Infrastructure", "src\Infrastructure\Infrastructure.csproj", "{2D70CC21-0B67-4ACB-8DE0-91CC30A30552}"
EndProject
Global
	GlobalSection(SolutionConfigurationPlatforms) = preSolution
		Debug|Any CPU = Debug|Any CPU
		Release|Any CPU = Release|Any CPU
	EndGlobalSection
	GlobalSection(ProjectConfigurationPlatforms) = postSolution
		{6FCAAAF9-7533-44FA-8350-FDC0D85E981C}.Debug|Any CPU.ActiveCfg = Debug|Any CPU
		{6FCAAAF9-7533-44FA-8350-FDC0D85E981C}.Debug|Any CPU.Build.0 = Debug|Any CPU
		{6FCAAAF9-7533-44FA-8350-FDC0D85E981C}.Release|Any CPU.ActiveCfg = Release|Any CPU
		{6FCAAAF9-7533-44FA-8350-FDC0D85E981C}.Release|Any CPU.Build.0 = Release|Any CPU
		{0A169CE7-1578-4972-8843-5595D57883BE}.Debug|Any CPU.ActiveCfg = Debug|Any CPU
		{0A169CE7-1578-4972-8843-5595D57883BE}.Debug|Any CPU.Build.0 = Debug|Any CPU
		{0A169CE7-1578-4972-8843-5595D57883BE}.Release|Any CPU.ActiveCfg = Release|Any CPU
		{0A169CE7-1578-4972-8843-5595D57883BE}.Release|Any CPU.Build.0 = Release|Any CPU
		{0C5FAE5F-C400-4355-8E7B-0D64EBDF8366}.Debug|Any CPU.ActiveCfg = Debug|Any CPU
		{0C5FAE5F-C400-4355-8E7B-0D64EBDF8366}.Debug|Any CPU.Build.0 = Debug|Any CPU
		{0C5FAE5F-C400-4355-8E7B-0D64EBDF8366}.Release|Any CPU.ActiveCfg = Release|Any CPU
		{0C5FAE5F-C400-4355-8E7B-0D64EBDF8366}.Release|Any CPU.Build.0 = Release|Any CPU
		{2D70CC21-0B67-4ACB-8DE0-91CC30A30552}.Debug|Any CPU.ActiveCfg = Debug|Any CPU
		{2D70CC21-0B67-4ACB-8DE0-91CC30A30552}.Debug|Any CPU.Build.0 = Debug|Any CPU
		{2D70CC21-0B67-4ACB-8DE0-91CC30A30552}.Release|Any CPU.ActiveCfg = Release|Any CPU
		{2D70CC21-0B67-4ACB-8DE0-91CC30A30552}.Release|Any CPU.Build.0 = Release|Any CPU
	EndGlobalSection
	GlobalSection(NestedProjects) = preSolution
		{6FCAAAF9-7533-44FA-8350-FDC0D85E981C} = {983CA996-9967-48DE-A932-44113D94695D}
		{0A169CE7-1578-4972-8843-5595D57883BE} = {983CA996-9967-48DE-A932-44113D94695D}
		{0C5FAE5F-C400-4355-8E7B-0D64EBDF8366} = {983CA996-9967-48DE-A932-44113D94695D}
		{2D70CC21-0B67-4ACB-8DE0-91CC30A30552} = {983CA996-9967-48DE-A932-44113D94695D}
	EndGlobalSection
EndGlobal
